{
  "source_commit": "954b7ba172faaa9a414acc9a4feb714acc30d02b",
  "working_tree_dirty": true,
  "generated_at": "2026-08-14T21:33:06Z",
  "scanned_scope": [
    "."
  ],
  "excluded_directories": [
    ".cache",
    ".git",
    ".hg",
    ".next",
    ".nuxt",
    ".svn",
    ".turbo",
    ".venv",
    "__pycache__",
    "build",
    "coverage",
    "dist",
    "docs/codemap",
    "generated",
    "node_modules",
    "out",
    "target",
    "vendor",
    "venv"
  ],
  "fingerprint_algorithm": "sha256-path-content-v1",
  "modules": [
    {
      "id": ".",
      "path": ".",
      "file_count": 16,
      "fingerprint": "e06fba533841f609e8ef3ea46c86c677e6e5876f8a6bab1d57529cd0002b1349"
    },
    {
      "id": ".github",
      "path": ".github",
      "file_count": 11,
      "fingerprint": "131d172471c841a3f06ece515153dfd3315328d910c64202767c87d1ca0e86a5"
    },
    {
      "id": ".vscode",
      "path": ".vscode",
      "file_count": 1,
      "fingerprint": "eb2510005a4061017005f81d2622daaac446099966aca5f655bdaad35b7c06e3"
    },
    {
      "id": "assets",
      "path": "assets",
      "file_count": 72,
      "fingerprint": "98ee6559699f880f4bdb51be699b49745888628259bdb2b6a6d6625c80d6aeaf"
    },
    {
      "id": "docs",
      "path": "docs",
      "file_count": 24,
      "fingerprint": "7d13266dd9624450795d1db6000193b801b5ae166ae356756a99347a81c16788"
    },
    {
      "id": "installer",
      "path": "installer",
      "file_count": 1,
      "fingerprint": "074bbc52f042f64cf838a37c040cdd8c81a7a254fa787cedc334580e06f8530f"
    },
    {
      "id": "src",
      "path": "src",
      "file_count": 83,
      "fingerprint": "9211a8fb1f3b163162cb5f307d1eabb37ee1be2ecd3b460205bd2cea0a24eacc"
    },
    {
      "id": "tests",
      "path": "tests",
      "file_count": 4,
      "fingerprint": "d048507e5fcb7111f6dd0ee3d676e273b8fe6a91cbc6416231f27ceebde1dc00"
    },
    {
      "id": "ui",
      "path": "ui",
      "file_count": 12,
      "fingerprint": "416d7c6f9fcadbec87829add0eb50884c76f257fa235bc4a3ffdb1ce6ddd961c"
    }
  ]
}
