{
  "source_commit": "228fdfe8cba63aed14c8fe00b65f20c8c98c2dcb",
  "working_tree_dirty": true,
  "generated_at": "2026-08-29T02:54:13Z",
  "scanned_scope": [
    "."
  ],
  "excluded_directories": [
    ".agents",
    ".cache",
    ".git",
    ".hg",
    ".next",
    ".nuxt",
    ".obsidian",
    ".svn",
    ".turbo",
    ".venv",
    ".vscode",
    "__pycache__",
    "build",
    "coverage",
    "dist",
    "docs/codemap",
    "generated",
    "node_modules",
    "out",
    "target",
    "vendor",
    "venv"
  ],
  "fingerprint_algorithm": "sha256-path-content-v2",
  "modules": [
    {
      "id": ".",
      "path": ".",
      "file_count": 16,
      "fingerprint": "cc4f7ceebce254112ba2334c142dc3c75baa81a262d11890791372da031beb9a"
    },
    {
      "id": ".github",
      "path": ".github",
      "file_count": 11,
      "fingerprint": "d79c97835f094a85b6a0ee2fff13dbd942474569888410e866a2ddbeddc4c5e3"
    },
    {
      "id": "assets",
      "path": "assets",
      "file_count": 72,
      "fingerprint": "b44fb1b77d4f13b565ab9e9d97671a332158b2b03216d7da07844ffcec7543cd"
    },
    {
      "id": "docs",
      "path": "docs",
      "file_count": 27,
      "fingerprint": "bd0374e423ec3a22443c1a5d96aaeeb7d25647f02e6d1d4ba6a132d315e07223"
    },
    {
      "id": "installer",
      "path": "installer",
      "file_count": 1,
      "fingerprint": "403acc36ddb5422680164cfb387b6119451d250d7bf14c0f36e64b16b8cdca0b"
    },
    {
      "id": "src",
      "path": "src",
      "file_count": 84,
      "fingerprint": "bc4e2199533121fd95af2c548cf264c718cb3f2d14b14667c3959c895523d4e2"
    },
    {
      "id": "tests",
      "path": "tests",
      "file_count": 4,
      "fingerprint": "f59a4d67d42f8c3f5d6f59bd56320ad194ae89a063f23c15b8de62c3df20eb44"
    },
    {
      "id": "ui",
      "path": "ui",
      "file_count": 12,
      "fingerprint": "6f4894b7156de32cdc09e24f9a0db0e9fe691dec78341b72190d3a856c02176b"
    }
  ]
}
